{
  "name": "forms-flow-ai",
  "lockfileVersion": 2,
  "requires": true,
  "packages": {
    "": {
      "dependencies": {
        "camunda-dmn-moddle": "^1.1.0",
        "dmn-js": "^12.2.1",
        "dmn-js-properties-panel": "^1.1.0"
      }
    },
    "node_modules/@bpmn-io/properties-panel": {
      "version": "0.15.0",
      "resolved": "https://registry.npmjs.org/@bpmn-io/properties-panel/-/properties-panel-0.15.0.tgz",
      "integrity": "sha512-9HDgqFKsmv0gavZzWZmUKEY2bJA/M/+5TubGU2DmjQ5cJY9nTTfxcKBtM5/wFwHtd6AAfYy9tF2KGUp1RPVuTA==",
      "peer": true,
      "dependencies": {
        "classnames": "^2.3.1",
        "diagram-js": "^8.1.2",
        "min-dash": "^3.7.0",
        "min-dom": "^3.1.3"
      }
    },
    "node_modules/camunda-dmn-moddle": {
      "version": "1.1.0",
      "resolved": "https://registry.npmjs.org/camunda-dmn-moddle/-/camunda-dmn-moddle-1.1.0.tgz",
      "integrity": "sha512-jRPrAYgpCLBg52ydpSHT6frXqWhRg6PV3YG9DUz5CO3SPo7qtbiMwUwb06nmKgyR+UerDbUA7eistQsuM7kidw==",
      "dependencies": {
        "min-dash": "^3.0.0"
      }
    },
    "node_modules/classnames": {
      "version": "2.3.1",
      "resolved": "https://registry.npmjs.org/classnames/-/classnames-2.3.1.tgz",
      "integrity": "sha512-OlQdbZ7gLfGarSqxesMesDa5uz7KFbID8Kpq/SxIoNGDqY8lSYs0D+hhtBXhcdB3rcbXArFr7vlHheLk1voeNA==",
      "peer": true
    },
    "node_modules/component-event": {
      "version": "0.1.4",
      "resolved": "https://registry.npmjs.org/component-event/-/component-event-0.1.4.tgz",
      "integrity": "sha512-GMwOG8MnUHP1l8DZx1ztFO0SJTFnIzZnBDkXAj8RM2ntV2A6ALlDxgbMY1Fvxlg6WPQ+5IM/a6vg4PEYbjg/Rw=="
    },
    "node_modules/component-props": {
      "version": "1.1.1",
      "resolved": "https://registry.npmjs.org/component-props/-/component-props-1.1.1.tgz",
      "integrity": "sha512-69pIRJs9fCCHRqCz3390YF2LV1Lu6iEMZ5zuVqqUn+G20V9BNXlMs0cWawWeW9g4Ynmg29JmkG6R7/lUJoGd1Q=="
    },
    "node_modules/component-xor": {
      "version": "0.0.4",
      "resolved": "https://registry.npmjs.org/component-xor/-/component-xor-0.0.4.tgz",
      "integrity": "sha512-ZIt6sla8gfo+AFVRZoZOertcnD5LJaY2T9CKE2j13NJxQt/mUafD69Bl7/Y4AnpI2LGjiXH7cOfJDx/n2G9edA=="
    },
    "node_modules/css.escape": {
      "version": "1.5.1",
      "resolved": "https://registry.npmjs.org/css.escape/-/css.escape-1.5.1.tgz",
      "integrity": "sha512-YUifsXXuknHlUsmlgyY0PKzgPOr7/FjCePfHNt0jxm83wHZi44VDMQ7/fGNkjY3/jV1MC+1CmZbaHzugyeRtpg=="
    },
    "node_modules/diagram-js": {
      "version": "8.8.0",
      "resolved": "https://registry.npmjs.org/diagram-js/-/diagram-js-8.8.0.tgz",
      "integrity": "sha512-isDblySC/k8dOUA1yevLPa0rdXT6Zv6+S6ZFv4CUZBk4Bgtv+3MJdnL+hVzeKPVuvlYGsEM42AyXHCW+35QJQg==",
      "dependencies": {
        "css.escape": "^1.5.1",
        "didi": "^8.0.0",
        "hammerjs": "^2.0.1",
        "inherits-browser": "0.0.1",
        "min-dash": "^3.5.2",
        "min-dom": "^3.2.0",
        "object-refs": "^0.3.0",
        "path-intersection": "^2.2.1",
        "tiny-svg": "^2.2.2"
      }
    },
    "node_modules/diagram-js-direct-editing": {
      "version": "1.7.0",
      "resolved": "https://registry.npmjs.org/diagram-js-direct-editing/-/diagram-js-direct-editing-1.7.0.tgz",
      "integrity": "sha512-ZfTLF4hdWr7NSoruwxGvVmu7aVaUjWRXjwgK5dx58LbXAsNjBS3Ap7zjVuGxjWUpCZ/MMwyZ00lpTHPH2P7BFQ==",
      "dependencies": {
        "min-dash": "^3.5.2",
        "min-dom": "^3.1.3"
      },
      "peerDependencies": {
        "diagram-js": "^0.x || ^1.x || ^2.x || ^3.x || ^4.x || ^5.x || ^6.x || ^7.x || ^8.x"
      }
    },
    "node_modules/didi": {
      "version": "8.0.1",
      "resolved": "https://registry.npmjs.org/didi/-/didi-8.0.1.tgz",
      "integrity": "sha512-7oXiXbp8DHE3FfQsVBkc2pwePo3Jy2uyGS9trAeBmfxiZAP4WV23LWokRpMmyl3hlu8OEAsyMxx19i5P6TVaJQ=="
    },
    "node_modules/dmn-js": {
      "version": "12.2.1",
      "resolved": "https://registry.npmjs.org/dmn-js/-/dmn-js-12.2.1.tgz",
      "integrity": "sha512-xYGOyigiqdKAr1O7ey0opTquCZ3utitbBVxc829BP/XIxfNNglNezgLYdYXPH4yftR6ZJm6aA1fXX7gREs988A==",
      "dependencies": {
        "dmn-js-decision-table": "^12.2.0",
        "dmn-js-drd": "^12.2.1",
        "dmn-js-literal-expression": "^12.2.0",
        "dmn-js-shared": "^12.2.0"
      }
    },
    "node_modules/dmn-js-decision-table": {
      "version": "12.2.0",
      "resolved": "https://registry.npmjs.org/dmn-js-decision-table/-/dmn-js-decision-table-12.2.0.tgz",
      "integrity": "sha512-Z92GVzEeAvkGP2Brqau1ctTCr0nQhbRYB5FBw/iYD0BosCZLoVSguGVFjrND8Pn/GwJcUsMOxBsddXKBaSBGcw==",
      "dependencies": {
        "css.escape": "^1.5.1",
        "diagram-js": "^8.7.0",
        "dmn-js-shared": "^12.2.0",
        "escape-html": "^1.0.3",
        "inferno": "~5.6.2",
        "min-dash": "^3.5.2",
        "min-dom": "^3.1.3",
        "selection-ranges": "^3.0.2",
        "table-js": "^7.2.0"
      }
    },
    "node_modules/dmn-js-drd": {
      "version": "12.2.1",
      "resolved": "https://registry.npmjs.org/dmn-js-drd/-/dmn-js-drd-12.2.1.tgz",
      "integrity": "sha512-H0nI6DSJWCumUkVqzWMHqxQn1tyStkOxXCPdLdETC+3+2rr88NZyEPDhpcW6JD9KgXUpQ4CMOs8QDC/LS4ngMA==",
      "dependencies": {
        "diagram-js": "^8.7.0",
        "diagram-js-direct-editing": "^1.6.3",
        "dmn-js-shared": "^12.2.0",
        "inherits": "^2.0.1",
        "min-dash": "^3.5.2",
        "min-dom": "^3.1.3",
        "object-refs": "^0.3.0",
        "tiny-svg": "^2.2.1"
      }
    },
    "node_modules/dmn-js-literal-expression": {
      "version": "12.2.0",
      "resolved": "https://registry.npmjs.org/dmn-js-literal-expression/-/dmn-js-literal-expression-12.2.0.tgz",
      "integrity": "sha512-OHpSKYVSOJ+FdwmTwpUpn0+pHaLoGlds1VVB/QRwWJ0RZMWGKqcYzYf0R53Br0Fd+RBVFp78GrG9bc6xf5VZIA==",
      "dependencies": {
        "diagram-js": "^8.7.0",
        "dmn-js-shared": "^12.2.0",
        "escape-html": "^1.0.3",
        "inferno": "~5.6.2",
        "min-dash": "^3.5.2",
        "min-dom": "^3.1.3",
        "table-js": "^7.2.0"
      }
    },
    "node_modules/dmn-js-properties-panel": {
      "version": "1.1.0",
      "resolved": "https://registry.npmjs.org/dmn-js-properties-panel/-/dmn-js-properties-panel-1.1.0.tgz",
      "integrity": "sha512-IclTOU4O3zTRPVvhgGl2TOayVUPPmGqHGyF/OwahE3qKwwMTqwfyZCE73bkqAiQbhunH6qjPWmGWE7vpH4OvVQ==",
      "dependencies": {
        "min-dash": "^3.8.1",
        "min-dom": "^3.1.3"
      },
      "peerDependencies": {
        "@bpmn-io/properties-panel": "0.11.x || 0.12.x || 0.13.x || 0.14.x || 0.15.x",
        "dmn-js": "11.x || 12.x"
      }
    },
    "node_modules/dmn-js-shared": {
      "version": "12.2.0",
      "resolved": "https://registry.npmjs.org/dmn-js-shared/-/dmn-js-shared-12.2.0.tgz",
      "integrity": "sha512-Ike+3HtXK11FDbbNLtQdzn/9kes5b/UWKTmYcupukqcOMmhS0aqJI5X4gaswlDEfITw/WFfGmm32oAtIhCGFiw==",
      "dependencies": {
        "diagram-js": "^8.7.0",
        "dmn-moddle": "^10.0.0",
        "ids": "^0.2.0",
        "inferno": "~5.6.2",
        "min-dash": "^3.5.2",
        "min-dom": "^3.1.3",
        "selection-ranges": "^3.0.2",
        "selection-update": "^0.1.2",
        "table-js": "^7.2.0"
      }
    },
    "node_modules/dmn-moddle": {
      "version": "10.0.0",
      "resolved": "https://registry.npmjs.org/dmn-moddle/-/dmn-moddle-10.0.0.tgz",
      "integrity": "sha512-JD08qH2VqA7O54qCQFrGruwGyVovow+9g2O5/ww0KpC/n0mvuua117dz2CONiUWexJxq/dOAaMjrQwkWnK+oEA==",
      "dependencies": {
        "min-dash": "^3.0.0",
        "moddle": "^5.0.1",
        "moddle-xml": "^9.0.5"
      }
    },
    "node_modules/dom-iterator": {
      "version": "1.0.0",
      "resolved": "https://registry.npmjs.org/dom-iterator/-/dom-iterator-1.0.0.tgz",
      "integrity": "sha512-7dsMOQI07EMU98gQM8NSB3GsAiIeBYIPKpnxR3c9xOvdvBjChAcOM0iJ222I3p5xyiZO9e5oggkNaCusuTdYig==",
      "dependencies": {
        "component-props": "1.1.1",
        "component-xor": "0.0.4"
      }
    },
    "node_modules/domify": {
      "version": "1.4.1",
      "resolved": "https://registry.npmjs.org/domify/-/domify-1.4.1.tgz",
      "integrity": "sha512-x18nuiDHMCZGXr4KJSRMf/TWYtiaRo6RX8KN9fEbW54mvbQ6pieUuerC2ahBg+kEp1wycFj8MPUI0WkIOw5E9w=="
    },
    "node_modules/escape-html": {
      "version": "1.0.3",
      "resolved": "https://registry.npmjs.org/escape-html/-/escape-html-1.0.3.tgz",
      "integrity": "sha512-NiSupZ4OeuGwr68lGIeym/ksIZMJodUGOSCZ/FSnTxcrekbvqrgdUxlJOMpijaKZVjAJrWrGs/6Jy8OMuyj9ow=="
    },
    "node_modules/hammerjs": {
      "version": "2.0.8",
      "resolved": "https://registry.npmjs.org/hammerjs/-/hammerjs-2.0.8.tgz",
      "integrity": "sha512-tSQXBXS/MWQOn/RKckawJ61vvsDpCom87JgxiYdGwHdOa0ht0vzUWDlfioofFCRU0L+6NGDt6XzbgoJvZkMeRQ==",
      "engines": {
        "node": ">=0.8.0"
      }
    },
    "node_modules/hat": {
      "version": "0.0.3",
      "resolved": "https://registry.npmjs.org/hat/-/hat-0.0.3.tgz",
      "integrity": "sha512-zpImx2GoKXy42fVDSEad2BPKuSQdLcqsCYa48K3zHSzM/ugWuYjLDr8IXxpVuL7uCLHw56eaiLxCRthhOzf5ug==",
      "engines": {
        "node": "*"
      }
    },
    "node_modules/ids": {
      "version": "0.2.2",
      "resolved": "https://registry.npmjs.org/ids/-/ids-0.2.2.tgz",
      "integrity": "sha512-icIO8S7A7Hat9x/59VYjS5uwfBU1xRTDxeFC4t9wNceLxZFm2JbPhO4lC/xhFqFNVaxw2idwpLgUfkVQrjsxIw==",
      "dependencies": {
        "hat": "^0.0.3"
      }
    },
    "node_modules/indexof": {
      "version": "0.0.1",
      "resolved": "https://registry.npmjs.org/indexof/-/indexof-0.0.1.tgz",
      "integrity": "sha512-i0G7hLJ1z0DE8dsqJa2rycj9dBmNKgXBvotXtZYXakU9oivfB9Uj2ZBC27qqef2U58/ZLwalxa1X/RDCdkHtVg=="
    },
    "node_modules/inferno": {
      "version": "5.6.2",
      "resolved": "https://registry.npmjs.org/inferno/-/inferno-5.6.2.tgz",
      "integrity": "sha512-+blJ5pI0+5tmxhDDF2VuAPvOO3LPN/jp2eYkGzkXq/nptp1iH1crOsbhp8be1nnAtrGcNSWLbziulkOnejOTyQ==",
      "hasInstallScript": true,
      "dependencies": {
        "inferno-shared": "5.6.1",
        "inferno-vnode-flags": "5.6.1",
        "opencollective-postinstall": "^2.0.3"
      }
    },
    "node_modules/inferno-shared": {
      "version": "5.6.1",
      "resolved": "https://registry.npmjs.org/inferno-shared/-/inferno-shared-5.6.1.tgz",
      "integrity": "sha512-OoRargelGtMFpiyKiOv66Ihmkpt6LLlzw7jOkJr97QqBRIjQWVvtDSriwJIy6pER6EEz9KzRUbZBaEWdPvf5kA=="
    },
    "node_modules/inferno-vnode-flags": {
      "version": "5.6.1",
      "resolved": "https://registry.npmjs.org/inferno-vnode-flags/-/inferno-vnode-flags-5.6.1.tgz",
      "integrity": "sha512-DDb6R17FX0Fs1SH+7SSVfHEFiYcN2U/DlPHB6qk2HOP149qtYgeRi5h0AAJswJCzBkV/QcBSyRirn0SAzl1NAQ=="
    },
    "node_modules/inherits": {
      "version": "2.0.4",
      "resolved": "https://registry.npmjs.org/inherits/-/inherits-2.0.4.tgz",
      "integrity": "sha512-k/vGaX4/Yla3WzyMCvTQOXYeIHvqOKtnqBduzTHpzpQZzAskKMhZ2K+EnBiSM9zGSoIFeMpXKxa4dYeZIQqewQ=="
    },
    "node_modules/inherits-browser": {
      "version": "0.0.1",
      "resolved": "https://registry.npmjs.org/inherits-browser/-/inherits-browser-0.0.1.tgz",
      "integrity": "sha512-kaDA3DkCdCpvrKIo/1T/3yVn+qpFUHLjYtSHmTYewb+QfjfaQy6FGQ7LwBu7st0tG9UvYad/XAlqQmdIh6CICw=="
    },
    "node_modules/matches-selector": {
      "version": "1.2.0",
      "resolved": "https://registry.npmjs.org/matches-selector/-/matches-selector-1.2.0.tgz",
      "integrity": "sha512-c4vLwYWyl+Ji+U43eU/G5FwxWd4ZH0ePUsFs5y0uwD9HUEFBXUQ1zUUan+78IpRD+y4pUfG0nAzNM292K7ItvA=="
    },
    "node_modules/min-dash": {
      "version": "3.8.1",
      "resolved": "https://registry.npmjs.org/min-dash/-/min-dash-3.8.1.tgz",
      "integrity": "sha512-evumdlmIlg9mbRVPbC4F5FuRhNmcMS5pvuBUbqb1G9v09Ro0ImPEgz5n3khir83lFok1inKqVDjnKEg3GpDxQg=="
    },
    "node_modules/min-dom": {
      "version": "3.2.1",
      "resolved": "https://registry.npmjs.org/min-dom/-/min-dom-3.2.1.tgz",
      "integrity": "sha512-v6YCmnDzxk4rRJntWTUiwggLupPw/8ZSRqUq0PDaBwVZEO/wYzCH4SKVBV+KkEvf3u0XaWHly5JEosPtqRATZA==",
      "dependencies": {
        "component-event": "^0.1.4",
        "domify": "^1.3.1",
        "indexof": "0.0.1",
        "matches-selector": "^1.2.0",
        "min-dash": "^3.8.1"
      }
    },
    "node_modules/moddle": {
      "version": "5.0.3",
      "resolved": "https://registry.npmjs.org/moddle/-/moddle-5.0.3.tgz",
      "integrity": "sha512-EjnQkSaZClHMsM3H/guBy9h7AmHUICH0Pf8H1VnnYGUXy2hkZQU4gqEAyHywJzMRAhYX87pXjH2NtyigF7evkA==",
      "dependencies": {
        "min-dash": "^3.0.0"
      }
    },
    "node_modules/moddle-xml": {
      "version": "9.0.5",
      "resolved": "https://registry.npmjs.org/moddle-xml/-/moddle-xml-9.0.5.tgz",
      "integrity": "sha512-1t9N35ZMQZTYZmRDoh1mBVd0XwLB34BkBywNJ0+YlLLYxaDBjFR/I+fqwsY746ayYPBz6yNRg8JpLyFgNF+eHg==",
      "dependencies": {
        "min-dash": "^3.5.2",
        "moddle": "^5.0.2",
        "saxen": "^8.1.2"
      }
    },
    "node_modules/object-refs": {
      "version": "0.3.0",
      "resolved": "https://registry.npmjs.org/object-refs/-/object-refs-0.3.0.tgz",
      "integrity": "sha512-eP0ywuoWOaDoiake/6kTJlPJhs+k0qNm4nYRzXLNHj6vh+5M3i9R1epJTdxIPGlhWc4fNRQ7a6XJNCX+/L4FOQ=="
    },
    "node_modules/opencollective-postinstall": {
      "version": "2.0.3",
      "resolved": "https://registry.npmjs.org/opencollective-postinstall/-/opencollective-postinstall-2.0.3.tgz",
      "integrity": "sha512-8AV/sCtuzUeTo8gQK5qDZzARrulB3egtLzFgteqB2tcT4Mw7B8Kt7JcDHmltjz6FOAHsvTevk70gZEbhM4ZS9Q==",
      "bin": {
        "opencollective-postinstall": "index.js"
      }
    },
    "node_modules/path-intersection": {
      "version": "2.2.1",
      "resolved": "https://registry.npmjs.org/path-intersection/-/path-intersection-2.2.1.tgz",
      "integrity": "sha512-9u8xvMcSfuOiStv9bPdnRJQhGQXLKurew94n4GPQCdH1nj9QKC9ObbNoIpiRq8skiOBxKkt277PgOoFgAt3/rA=="
    },
    "node_modules/saxen": {
      "version": "8.1.2",
      "resolved": "https://registry.npmjs.org/saxen/-/saxen-8.1.2.tgz",
      "integrity": "sha512-xUOiiFbc3Ow7p8KMxwsGICPx46ZQvy3+qfNVhrkwfz3Vvq45eGt98Ft5IQaA1R/7Tb5B5MKh9fUR9x3c3nDTxw=="
    },
    "node_modules/selection-ranges": {
      "version": "3.0.3",
      "resolved": "https://registry.npmjs.org/selection-ranges/-/selection-ranges-3.0.3.tgz",
      "integrity": "sha512-60Oqc07j16YCrp96uITgBFu7oT81JKMmL+cOOcxe3jvuGSiFSwsLpOSXNBAlITV9hGhEl1H6P/+g1bKnpfXoSw==",
      "dependencies": {
        "dom-iterator": "^1.0.0"
      }
    },
    "node_modules/selection-update": {
      "version": "0.1.2",
      "resolved": "https://registry.npmjs.org/selection-update/-/selection-update-0.1.2.tgz",
      "integrity": "sha512-4jzoJNh7VT2s2tvm/kUSskSw7pD0BVcrrGccbfOMK+3AXLBPz6nIy1yo+pbXgvNoTNII96Pq92+sAY+rF0LUAA=="
    },
    "node_modules/table-js": {
      "version": "7.3.0",
      "resolved": "https://registry.npmjs.org/table-js/-/table-js-7.3.0.tgz",
      "integrity": "sha512-4SkzffNPPM3x3JC2c1WQ967lC+B5FjtfLBt/SZzqKBavzf0dp/lfPIQMU5obYFnKua6OViXEIkq8lIem/UPXDw==",
      "dependencies": {
        "didi": "^8.0.1",
        "ids": "^1.0.0",
        "min-dash": "^3.8.1",
        "min-dom": "^3.2.1",
        "selection-ranges": "^3.0.3"
      },
      "peerDependencies": {
        "diagram-js": "4.x || 5.x || 6.x || 7.x || 8.x",
        "inferno": "^5.0.5"
      }
    },
    "node_modules/table-js/node_modules/ids": {
      "version": "1.0.0",
      "resolved": "https://registry.npmjs.org/ids/-/ids-1.0.0.tgz",
      "integrity": "sha512-Zvtq1xUto4LttpstyOlFum8lKx+i1OmRfg+6A9drFS9iSZsDPMHG4Sof/qwNR4kCU7jBeWFPrY2ocHxiz7cCRw=="
    },
    "node_modules/tiny-svg": {
      "version": "2.2.4",
      "resolved": "https://registry.npmjs.org/tiny-svg/-/tiny-svg-2.2.4.tgz",
      "integrity": "sha512-NOi39lBknf4UdDEahNkbEAJnzhu1ZcN2j75IS2vLRmIhsfxdZpTChfLKBcN1ShplVmPIXJAIafk6YY5/Aa80lQ=="
    }
  },
  "dependencies": {
    "@bpmn-io/properties-panel": {
      "version": "0.15.0",
      "resolved": "https://registry.npmjs.org/@bpmn-io/properties-panel/-/properties-panel-0.15.0.tgz",
      "integrity": "sha512-9HDgqFKsmv0gavZzWZmUKEY2bJA/M/+5TubGU2DmjQ5cJY9nTTfxcKBtM5/wFwHtd6AAfYy9tF2KGUp1RPVuTA==",
      "peer": true,
      "requires": {
        "classnames": "^2.3.1",
        "diagram-js": "^8.1.2",
        "min-dash": "^3.7.0",
        "min-dom": "^3.1.3"
      }
    },
    "camunda-dmn-moddle": {
      "version": "1.1.0",
      "resolved": "https://registry.npmjs.org/camunda-dmn-moddle/-/camunda-dmn-moddle-1.1.0.tgz",
      "integrity": "sha512-jRPrAYgpCLBg52ydpSHT6frXqWhRg6PV3YG9DUz5CO3SPo7qtbiMwUwb06nmKgyR+UerDbUA7eistQsuM7kidw==",
      "requires": {
        "min-dash": "^3.0.0"
      }
    },
    "classnames": {
      "version": "2.3.1",
      "resolved": "https://registry.npmjs.org/classnames/-/classnames-2.3.1.tgz",
      "integrity": "sha512-OlQdbZ7gLfGarSqxesMesDa5uz7KFbID8Kpq/SxIoNGDqY8lSYs0D+hhtBXhcdB3rcbXArFr7vlHheLk1voeNA==",
      "peer": true
    },
    "component-event": {
      "version": "0.1.4",
      "resolved": "https://registry.npmjs.org/component-event/-/component-event-0.1.4.tgz",
      "integrity": "sha512-GMwOG8MnUHP1l8DZx1ztFO0SJTFnIzZnBDkXAj8RM2ntV2A6ALlDxgbMY1Fvxlg6WPQ+5IM/a6vg4PEYbjg/Rw=="
    },
    "component-props": {
      "version": "1.1.1",
      "resolved": "https://registry.npmjs.org/component-props/-/component-props-1.1.1.tgz",
      "integrity": "sha512-69pIRJs9fCCHRqCz3390YF2LV1Lu6iEMZ5zuVqqUn+G20V9BNXlMs0cWawWeW9g4Ynmg29JmkG6R7/lUJoGd1Q=="
    },
    "component-xor": {
      "version": "0.0.4",
      "resolved": "https://registry.npmjs.org/component-xor/-/component-xor-0.0.4.tgz",
      "integrity": "sha512-ZIt6sla8gfo+AFVRZoZOertcnD5LJaY2T9CKE2j13NJxQt/mUafD69Bl7/Y4AnpI2LGjiXH7cOfJDx/n2G9edA=="
    },
    "css.escape": {
      "version": "1.5.1",
      "resolved": "https://registry.npmjs.org/css.escape/-/css.escape-1.5.1.tgz",
      "integrity": "sha512-YUifsXXuknHlUsmlgyY0PKzgPOr7/FjCePfHNt0jxm83wHZi44VDMQ7/fGNkjY3/jV1MC+1CmZbaHzugyeRtpg=="
    },
    "diagram-js": {
      "version": "8.8.0",
      "resolved": "https://registry.npmjs.org/diagram-js/-/diagram-js-8.8.0.tgz",
      "integrity": "sha512-isDblySC/k8dOUA1yevLPa0rdXT6Zv6+S6ZFv4CUZBk4Bgtv+3MJdnL+hVzeKPVuvlYGsEM42AyXHCW+35QJQg==",
      "requires": {
        "css.escape": "^1.5.1",
        "didi": "^8.0.0",
        "hammerjs": "^2.0.1",
        "inherits-browser": "0.0.1",
        "min-dash": "^3.5.2",
        "min-dom": "^3.2.0",
        "object-refs": "^0.3.0",
        "path-intersection": "^2.2.1",
        "tiny-svg": "^2.2.2"
      }
    },
    "diagram-js-direct-editing": {
      "version": "1.7.0",
      "resolved": "https://registry.npmjs.org/diagram-js-direct-editing/-/diagram-js-direct-editing-1.7.0.tgz",
      "integrity": "sha512-ZfTLF4hdWr7NSoruwxGvVmu7aVaUjWRXjwgK5dx58LbXAsNjBS3Ap7zjVuGxjWUpCZ/MMwyZ00lpTHPH2P7BFQ==",
      "requires": {
        "min-dash": "^3.5.2",
        "min-dom": "^3.1.3"
      }
    },
    "didi": {
      "version": "8.0.1",
      "resolved": "https://registry.npmjs.org/didi/-/didi-8.0.1.tgz",
      "integrity": "sha512-7oXiXbp8DHE3FfQsVBkc2pwePo3Jy2uyGS9trAeBmfxiZAP4WV23LWokRpMmyl3hlu8OEAsyMxx19i5P6TVaJQ=="
    },
    "dmn-js": {
      "version": "12.2.1",
      "resolved": "https://registry.npmjs.org/dmn-js/-/dmn-js-12.2.1.tgz",
      "integrity": "sha512-xYGOyigiqdKAr1O7ey0opTquCZ3utitbBVxc829BP/XIxfNNglNezgLYdYXPH4yftR6ZJm6aA1fXX7gREs988A==",
      "requires": {
        "dmn-js-decision-table": "^12.2.0",
        "dmn-js-drd": "^12.2.1",
        "dmn-js-literal-expression": "^12.2.0",
        "dmn-js-shared": "^12.2.0"
      }
    },
    "dmn-js-decision-table": {
      "version": "12.2.0",
      "resolved": "https://registry.npmjs.org/dmn-js-decision-table/-/dmn-js-decision-table-12.2.0.tgz",
      "integrity": "sha512-Z92GVzEeAvkGP2Brqau1ctTCr0nQhbRYB5FBw/iYD0BosCZLoVSguGVFjrND8Pn/GwJcUsMOxBsddXKBaSBGcw==",
      "requires": {
        "css.escape": "^1.5.1",
        "diagram-js": "^8.7.0",
        "dmn-js-shared": "^12.2.0",
        "escape-html": "^1.0.3",
        "inferno": "~5.6.2",
        "min-dash": "^3.5.2",
        "min-dom": "^3.1.3",
        "selection-ranges": "^3.0.2",
        "table-js": "^7.2.0"
      }
    },
    "dmn-js-drd": {
      "version": "12.2.1",
      "resolved": "https://registry.npmjs.org/dmn-js-drd/-/dmn-js-drd-12.2.1.tgz",
      "integrity": "sha512-H0nI6DSJWCumUkVqzWMHqxQn1tyStkOxXCPdLdETC+3+2rr88NZyEPDhpcW6JD9KgXUpQ4CMOs8QDC/LS4ngMA==",
      "requires": {
        "diagram-js": "^8.7.0",
        "diagram-js-direct-editing": "^1.6.3",
        "dmn-js-shared": "^12.2.0",
        "inherits": "^2.0.1",
        "min-dash": "^3.5.2",
        "min-dom": "^3.1.3",
        "object-refs": "^0.3.0",
        "tiny-svg": "^2.2.1"
      }
    },
    "dmn-js-literal-expression": {
      "version": "12.2.0",
      "resolved": "https://registry.npmjs.org/dmn-js-literal-expression/-/dmn-js-literal-expression-12.2.0.tgz",
      "integrity": "sha512-OHpSKYVSOJ+FdwmTwpUpn0+pHaLoGlds1VVB/QRwWJ0RZMWGKqcYzYf0R53Br0Fd+RBVFp78GrG9bc6xf5VZIA==",
      "requires": {
        "diagram-js": "^8.7.0",
        "dmn-js-shared": "^12.2.0",
        "escape-html": "^1.0.3",
        "inferno": "~5.6.2",
        "min-dash": "^3.5.2",
        "min-dom": "^3.1.3",
        "table-js": "^7.2.0"
      }
    },
    "dmn-js-properties-panel": {
      "version": "1.1.0",
      "resolved": "https://registry.npmjs.org/dmn-js-properties-panel/-/dmn-js-properties-panel-1.1.0.tgz",
      "integrity": "sha512-IclTOU4O3zTRPVvhgGl2TOayVUPPmGqHGyF/OwahE3qKwwMTqwfyZCE73bkqAiQbhunH6qjPWmGWE7vpH4OvVQ==",
      "requires": {
        "min-dash": "^3.8.1",
        "min-dom": "^3.1.3"
      }
    },
    "dmn-js-shared": {
      "version": "12.2.0",
      "resolved": "https://registry.npmjs.org/dmn-js-shared/-/dmn-js-shared-12.2.0.tgz",
      "integrity": "sha512-Ike+3HtXK11FDbbNLtQdzn/9kes5b/UWKTmYcupukqcOMmhS0aqJI5X4gaswlDEfITw/WFfGmm32oAtIhCGFiw==",
      "requires": {
        "diagram-js": "^8.7.0",
        "dmn-moddle": "^10.0.0",
        "ids": "^0.2.0",
        "inferno": "~5.6.2",
        "min-dash": "^3.5.2",
        "min-dom": "^3.1.3",
        "selection-ranges": "^3.0.2",
        "selection-update": "^0.1.2",
        "table-js": "^7.2.0"
      }
    },
    "dmn-moddle": {
      "version": "10.0.0",
      "resolved": "https://registry.npmjs.org/dmn-moddle/-/dmn-moddle-10.0.0.tgz",
      "integrity": "sha512-JD08qH2VqA7O54qCQFrGruwGyVovow+9g2O5/ww0KpC/n0mvuua117dz2CONiUWexJxq/dOAaMjrQwkWnK+oEA==",
      "requires": {
        "min-dash": "^3.0.0",
        "moddle": "^5.0.1",
        "moddle-xml": "^9.0.5"
      }
    },
    "dom-iterator": {
      "version": "1.0.0",
      "resolved": "https://registry.npmjs.org/dom-iterator/-/dom-iterator-1.0.0.tgz",
      "integrity": "sha512-7dsMOQI07EMU98gQM8NSB3GsAiIeBYIPKpnxR3c9xOvdvBjChAcOM0iJ222I3p5xyiZO9e5oggkNaCusuTdYig==",
      "requires": {
        "component-props": "1.1.1",
        "component-xor": "0.0.4"
      }
    },
    "domify": {
      "version": "1.4.1",
      "resolved": "https://registry.npmjs.org/domify/-/domify-1.4.1.tgz",
      "integrity": "sha512-x18nuiDHMCZGXr4KJSRMf/TWYtiaRo6RX8KN9fEbW54mvbQ6pieUuerC2ahBg+kEp1wycFj8MPUI0WkIOw5E9w=="
    },
    "escape-html": {
      "version": "1.0.3",
      "resolved": "https://registry.npmjs.org/escape-html/-/escape-html-1.0.3.tgz",
      "integrity": "sha512-NiSupZ4OeuGwr68lGIeym/ksIZMJodUGOSCZ/FSnTxcrekbvqrgdUxlJOMpijaKZVjAJrWrGs/6Jy8OMuyj9ow=="
    },
    "hammerjs": {
      "version": "2.0.8",
      "resolved": "https://registry.npmjs.org/hammerjs/-/hammerjs-2.0.8.tgz",
      "integrity": "sha512-tSQXBXS/MWQOn/RKckawJ61vvsDpCom87JgxiYdGwHdOa0ht0vzUWDlfioofFCRU0L+6NGDt6XzbgoJvZkMeRQ=="
    },
    "hat": {
      "version": "0.0.3",
      "resolved": "https://registry.npmjs.org/hat/-/hat-0.0.3.tgz",
      "integrity": "sha512-zpImx2GoKXy42fVDSEad2BPKuSQdLcqsCYa48K3zHSzM/ugWuYjLDr8IXxpVuL7uCLHw56eaiLxCRthhOzf5ug=="
    },
    "ids": {
      "version": "0.2.2",
      "resolved": "https://registry.npmjs.org/ids/-/ids-0.2.2.tgz",
      "integrity": "sha512-icIO8S7A7Hat9x/59VYjS5uwfBU1xRTDxeFC4t9wNceLxZFm2JbPhO4lC/xhFqFNVaxw2idwpLgUfkVQrjsxIw==",
      "requires": {
        "hat": "^0.0.3"
      }
    },
    "indexof": {
      "version": "0.0.1",
      "resolved": "https://registry.npmjs.org/indexof/-/indexof-0.0.1.tgz",
      "integrity": "sha512-i0G7hLJ1z0DE8dsqJa2rycj9dBmNKgXBvotXtZYXakU9oivfB9Uj2ZBC27qqef2U58/ZLwalxa1X/RDCdkHtVg=="
    },
    "inferno": {
      "version": "5.6.2",
      "resolved": "https://registry.npmjs.org/inferno/-/inferno-5.6.2.tgz",
      "integrity": "sha512-+blJ5pI0+5tmxhDDF2VuAPvOO3LPN/jp2eYkGzkXq/nptp1iH1crOsbhp8be1nnAtrGcNSWLbziulkOnejOTyQ==",
      "requires": {
        "inferno-shared": "5.6.1",
        "inferno-vnode-flags": "5.6.1",
        "opencollective-postinstall": "^2.0.3"
      }
    },
    "inferno-shared": {
      "version": "5.6.1",
      "resolved": "https://registry.npmjs.org/inferno-shared/-/inferno-shared-5.6.1.tgz",
      "integrity": "sha512-OoRargelGtMFpiyKiOv66Ihmkpt6LLlzw7jOkJr97QqBRIjQWVvtDSriwJIy6pER6EEz9KzRUbZBaEWdPvf5kA=="
    },
    "inferno-vnode-flags": {
      "version": "5.6.1",
      "resolved": "https://registry.npmjs.org/inferno-vnode-flags/-/inferno-vnode-flags-5.6.1.tgz",
      "integrity": "sha512-DDb6R17FX0Fs1SH+7SSVfHEFiYcN2U/DlPHB6qk2HOP149qtYgeRi5h0AAJswJCzBkV/QcBSyRirn0SAzl1NAQ=="
    },
    "inherits": {
      "version": "2.0.4",
      "resolved": "https://registry.npmjs.org/inherits/-/inherits-2.0.4.tgz",
      "integrity": "sha512-k/vGaX4/Yla3WzyMCvTQOXYeIHvqOKtnqBduzTHpzpQZzAskKMhZ2K+EnBiSM9zGSoIFeMpXKxa4dYeZIQqewQ=="
    },
    "inherits-browser": {
      "version": "0.0.1",
      "resolved": "https://registry.npmjs.org/inherits-browser/-/inherits-browser-0.0.1.tgz",
      "integrity": "sha512-kaDA3DkCdCpvrKIo/1T/3yVn+qpFUHLjYtSHmTYewb+QfjfaQy6FGQ7LwBu7st0tG9UvYad/XAlqQmdIh6CICw=="
    },
    "matches-selector": {
      "version": "1.2.0",
      "resolved": "https://registry.npmjs.org/matches-selector/-/matches-selector-1.2.0.tgz",
      "integrity": "sha512-c4vLwYWyl+Ji+U43eU/G5FwxWd4ZH0ePUsFs5y0uwD9HUEFBXUQ1zUUan+78IpRD+y4pUfG0nAzNM292K7ItvA=="
    },
    "min-dash": {
      "version": "3.8.1",
      "resolved": "https://registry.npmjs.org/min-dash/-/min-dash-3.8.1.tgz",
      "integrity": "sha512-evumdlmIlg9mbRVPbC4F5FuRhNmcMS5pvuBUbqb1G9v09Ro0ImPEgz5n3khir83lFok1inKqVDjnKEg3GpDxQg=="
    },
    "min-dom": {
      "version": "3.2.1",
      "resolved": "https://registry.npmjs.org/min-dom/-/min-dom-3.2.1.tgz",
      "integrity": "sha512-v6YCmnDzxk4rRJntWTUiwggLupPw/8ZSRqUq0PDaBwVZEO/wYzCH4SKVBV+KkEvf3u0XaWHly5JEosPtqRATZA==",
      "requires": {
        "component-event": "^0.1.4",
        "domify": "^1.3.1",
        "indexof": "0.0.1",
        "matches-selector": "^1.2.0",
        "min-dash": "^3.8.1"
      }
    },
    "moddle": {
      "version": "5.0.3",
      "resolved": "https://registry.npmjs.org/moddle/-/moddle-5.0.3.tgz",
      "integrity": "sha512-EjnQkSaZClHMsM3H/guBy9h7AmHUICH0Pf8H1VnnYGUXy2hkZQU4gqEAyHywJzMRAhYX87pXjH2NtyigF7evkA==",
      "requires": {
        "min-dash": "^3.0.0"
      }
    },
    "moddle-xml": {
      "version": "9.0.5",
      "resolved": "https://registry.npmjs.org/moddle-xml/-/moddle-xml-9.0.5.tgz",
      "integrity": "sha512-1t9N35ZMQZTYZmRDoh1mBVd0XwLB34BkBywNJ0+YlLLYxaDBjFR/I+fqwsY746ayYPBz6yNRg8JpLyFgNF+eHg==",
      "requires": {
        "min-dash": "^3.5.2",
        "moddle": "^5.0.2",
        "saxen": "^8.1.2"
      }
    },
    "object-refs": {
      "version": "0.3.0",
      "resolved": "https://registry.npmjs.org/object-refs/-/object-refs-0.3.0.tgz",
      "integrity": "sha512-eP0ywuoWOaDoiake/6kTJlPJhs+k0qNm4nYRzXLNHj6vh+5M3i9R1epJTdxIPGlhWc4fNRQ7a6XJNCX+/L4FOQ=="
    },
    "opencollective-postinstall": {
      "version": "2.0.3",
      "resolved": "https://registry.npmjs.org/opencollective-postinstall/-/opencollective-postinstall-2.0.3.tgz",
      "integrity": "sha512-8AV/sCtuzUeTo8gQK5qDZzARrulB3egtLzFgteqB2tcT4Mw7B8Kt7JcDHmltjz6FOAHsvTevk70gZEbhM4ZS9Q=="
    },
    "path-intersection": {
      "version": "2.2.1",
      "resolved": "https://registry.npmjs.org/path-intersection/-/path-intersection-2.2.1.tgz",
      "integrity": "sha512-9u8xvMcSfuOiStv9bPdnRJQhGQXLKurew94n4GPQCdH1nj9QKC9ObbNoIpiRq8skiOBxKkt277PgOoFgAt3/rA=="
    },
    "saxen": {
      "version": "8.1.2",
      "resolved": "https://registry.npmjs.org/saxen/-/saxen-8.1.2.tgz",
      "integrity": "sha512-xUOiiFbc3Ow7p8KMxwsGICPx46ZQvy3+qfNVhrkwfz3Vvq45eGt98Ft5IQaA1R/7Tb5B5MKh9fUR9x3c3nDTxw=="
    },
    "selection-ranges": {
      "version": "3.0.3",
      "resolved": "https://registry.npmjs.org/selection-ranges/-/selection-ranges-3.0.3.tgz",
      "integrity": "sha512-60Oqc07j16YCrp96uITgBFu7oT81JKMmL+cOOcxe3jvuGSiFSwsLpOSXNBAlITV9hGhEl1H6P/+g1bKnpfXoSw==",
      "requires": {
        "dom-iterator": "^1.0.0"
      }
    },
    "selection-update": {
      "version": "0.1.2",
      "resolved": "https://registry.npmjs.org/selection-update/-/selection-update-0.1.2.tgz",
      "integrity": "sha512-4jzoJNh7VT2s2tvm/kUSskSw7pD0BVcrrGccbfOMK+3AXLBPz6nIy1yo+pbXgvNoTNII96Pq92+sAY+rF0LUAA=="
    },
    "table-js": {
      "version": "7.3.0",
      "resolved": "https://registry.npmjs.org/table-js/-/table-js-7.3.0.tgz",
      "integrity": "sha512-4SkzffNPPM3x3JC2c1WQ967lC+B5FjtfLBt/SZzqKBavzf0dp/lfPIQMU5obYFnKua6OViXEIkq8lIem/UPXDw==",
      "requires": {
        "didi": "^8.0.1",
        "ids": "^1.0.0",
        "min-dash": "^3.8.1",
        "min-dom": "^3.2.1",
        "selection-ranges": "^3.0.3"
      },
      "dependencies": {
        "ids": {
          "version": "1.0.0",
          "resolved": "https://registry.npmjs.org/ids/-/ids-1.0.0.tgz",
          "integrity": "sha512-Zvtq1xUto4LttpstyOlFum8lKx+i1OmRfg+6A9drFS9iSZsDPMHG4Sof/qwNR4kCU7jBeWFPrY2ocHxiz7cCRw=="
        }
      }
    },
    "tiny-svg": {
      "version": "2.2.4",
      "resolved": "https://registry.npmjs.org/tiny-svg/-/tiny-svg-2.2.4.tgz",
      "integrity": "sha512-NOi39lBknf4UdDEahNkbEAJnzhu1ZcN2j75IS2vLRmIhsfxdZpTChfLKBcN1ShplVmPIXJAIafk6YY5/Aa80lQ=="
    }
  }
}
