{
  "requires": true,
  "lockfileVersion": 1,
  "dependencies": {
    "unittest": {
      "version": "1.0.0",
      "resolved": "https://registry.npmjs.org/unittest/-/unittest-1.0.0.tgz",
      "integrity": "sha512-FG4NN+k1Nfnw429RjFTHMQh3R6k2GjSB2PNy5Fly9NESy76n1yePyPs3Jgriv5BoM+iBXGafXAKixGDYx0Hzyw=="
    }
  }
}
