{
  "name": "scripts",
  "version": "1.0.0",
  "lockfileVersion": 3,
  "requires": true,
  "packages": {
    "": {
      "name": "scripts",
      "version": "1.0.0",
      "hasInstallScript": true,
      "license": "ISC",
      "dependencies": {
        "@aws-sdk/client-s3": "^3.256.0",
        "@root/walk": "^1.1.0",
        "dotenv": "^16.0.3"
      },
      "devDependencies": {
      }
    },
    "node_modules/@smithy/core": {
      "version": "3.30.0",
      "resolved": "https://registry.npmjs.org/@smithy/core/-/core-3.30.0.tgz",
      "integrity": "sha512-dl2yRglDxfzH9uJ4fSo4zTaAHa0zH7+V7BZMRWy8hEYIKT1BiqMUK/CN6T3ADQ3kbA5N1tmUulroJ2UtONS7Kw==",
      "license": "Apache-2.0",
      "dependencies": {
        "@smithy/types": "^4.16.1",
        "tslib": "^2.6.2"
      },
      "engines": {
        "node": ">=18.0.0"
      }
    },
    "node_modules/@aws-sdk/xml-builder": {
      "version": "3.972.37",
      "resolved": "https://registry.npmjs.org/@aws-sdk/xml-builder/-/xml-builder-3.972.37.tgz",
      "integrity": "sha512-zKq4HQum8JwDyEuyfuI4bbiAcU0KxP6qy+9PR/IsR92IyE/DaBAikzAS50tjxip4bqIIANpCcG+Yyj6CVhXupg==",
      "license": "Apache-2.0",
      "dependencies": {
        "@smithy/types": "^4.16.1",
        "tslib": "^2.6.2"
      },
      "engines": {
        "node": ">=20.0.0"
      }
    },
    "node_modules/@aws-sdk/client-s3": {
      "version": "3.1095.0",
      "resolved": "https://registry.npmjs.org/@aws-sdk/client-s3/-/client-s3-3.1095.0.tgz",
      "integrity": "sha512-eeobm3TKci47CTTHIxc5s5UDjLL0gTKfjlcyzKU+NMoeIJ3flKPq51Fhi2nUDiMNbzsY5HAynM3bHAQFHxRTUw==",
      "license": "Apache-2.0",
      "dependencies": {
        "@aws-sdk/checksums": "^3.1000.20",
        "@aws-sdk/core": "^3.977.0",
        "@aws-sdk/credential-provider-node": "^3.972.72",
        "@aws-sdk/middleware-sdk-s3": "^3.972.66",
        "@aws-sdk/signature-v4-multi-region": "^3.996.42",
        "@aws-sdk/types": "^3.974.2",
        "@smithy/core": "^3.29.8",
        "@smithy/fetch-http-handler": "^5.6.10",
        "@smithy/node-http-handler": "^4.9.10",
        "@smithy/types": "^4.16.1",
        "tslib": "^2.6.2"
      },
      "engines": {
        "node": ">=20.0.0"
      }
    },
    "node_modules/dotenv": {
      "version": "16.6.1",
      "resolved": "https://registry.npmjs.org/dotenv/-/dotenv-16.6.1.tgz",
      "integrity": "sha512-uBq4egWHTcTt33a72vpSG0z3HnPuIl6NqYcTrKEg2azoEyl2hpW0zqlxysq2pK9HlDIHyHyakeYaYnSAwd8bow==",
      "license": "BSD-2-Clause",
      "engines": {
        "node": ">=12"
      },
      "funding": {
        "url": "https://dotenvx.com"
      }
    },
    "node_modules/@aws-sdk/credential-provider-web-identity": {
      "version": "3.972.67",
      "resolved": "https://registry.npmjs.org/@aws-sdk/credential-provider-web-identity/-/credential-provider-web-identity-3.972.67.tgz",
      "integrity": "sha512-FTNZ05gkPBA6CKbU3N4zPgybV+stdazwMOya75CmGdcJL7p8Fw/BdHP8WVxJd0mvzyPK2cg/C3gli58Ir4HgCw==",
      "license": "Apache-2.0",
      "dependencies": {
        "@aws-sdk/core": "^3.977.0",
        "@aws-sdk/nested-clients": "^3.997.35",
        "@aws-sdk/types": "^3.974.2",
        "@smithy/core": "^3.29.8",
        "@smithy/types": "^4.16.1",
        "tslib": "^2.6.2"
      },
      "engines": {
        "node": ">=20.0.0"
      }
    },
    "node_modules/@root/walk": {
      "version": "1.1.0",
      "resolved": "https://registry.npmjs.org/@root/walk/-/walk-1.1.0.tgz",
      "integrity": "sha512-FfXPAta9u2dBuaXhPRawBcijNC9rmKVApmbi6lIZyg36VR/7L02ytxoY5K/14PJlHqiBUoYII73cTlekdKTUOw==",
      "license": "MPL-2.0"
    },
    "node_modules/@aws-sdk/credential-provider-env": {
      "version": "3.972.61",
      "resolved": "https://registry.npmjs.org/@aws-sdk/credential-provider-env/-/credential-provider-env-3.972.61.tgz",
      "integrity": "sha512-qihs2ekMb89Nxd2JenCgVFhjbkb3EIo7HEBCBzyZACKVJdrLUZBLOmAE3xr0Sayml8n/jZSzwO/IufIiIzO7PQ==",
      "license": "Apache-2.0",
      "dependencies": {
        "@aws-sdk/core": "^3.977.0",
        "@aws-sdk/types": "^3.974.2",
        "@smithy/core": "^3.29.8",
        "@smithy/types": "^4.16.1",
        "tslib": "^2.6.2"
      },
      "engines": {
        "node": ">=20.0.0"
      }
    },
    "node_modules/@aws-sdk/core": {
      "version": "3.977.1",
      "resolved": "https://registry.npmjs.org/@aws-sdk/core/-/core-3.977.1.tgz",
      "integrity": "sha512-KVtQRtc00ES/y+Sc3vYXeP6pCIcNlBJCZOwvqSy8ZpVGmbM5+IG+AfhuTKQ2oXmIVqZJewaGMMpzPkywC6xg0w==",
      "license": "Apache-2.0",
      "dependencies": {
        "@aws-sdk/types": "^3.974.2",
        "@aws-sdk/xml-builder": "^3.972.37",
        "@aws/lambda-invoke-store": "^0.3.0",
        "@smithy/core": "^3.29.8",
        "@smithy/signature-v4": "^5.6.9",
        "@smithy/types": "^4.16.1",
        "bowser": "^2.11.0",
        "tslib": "^2.6.2"
      },
      "engines": {
        "node": ">=20.0.0"
      }
    },
    "node_modules/@aws-sdk/middleware-sdk-s3": {
      "version": "3.972.66",
      "resolved": "https://registry.npmjs.org/@aws-sdk/middleware-sdk-s3/-/middleware-sdk-s3-3.972.66.tgz",
      "integrity": "sha512-sTZKP1+SvyzWc/3alO8AM/PUiEzDCmn2P/KOcFFSk2UKzKZkB5ZxXdlHVtACE7DHaMFvx6DY0bognwHa1qTv4g==",
      "license": "Apache-2.0",
      "dependencies": {
        "@aws-sdk/core": "^3.977.0",
        "@aws-sdk/signature-v4-multi-region": "^3.996.42",
        "@aws-sdk/types": "^3.974.2",
        "@smithy/core": "^3.29.8",
        "@smithy/types": "^4.16.1",
        "tslib": "^2.6.2"
      },
      "engines": {
        "node": ">=20.0.0"
      }
    },
    "node_modules/@smithy/signature-v4": {
      "version": "5.6.10",
      "resolved": "https://registry.npmjs.org/@smithy/signature-v4/-/signature-v4-5.6.10.tgz",
      "integrity": "sha512-EXhWePm3SXJAX38npIy4TXL2Aex/OVgCClTjelN2QHw/U+8CQUH8C7AaxsVzQcYieYPseywn48s89DmvuGjiAg==",
      "license": "Apache-2.0",
      "dependencies": {
        "@smithy/core": "^3.30.0",
        "@smithy/types": "^4.16.1",
        "tslib": "^2.6.2"
      },
      "engines": {
        "node": ">=18.0.0"
      }
    },
    "node_modules/@aws-sdk/token-providers": {
      "version": "3.1095.0",
      "resolved": "https://registry.npmjs.org/@aws-sdk/token-providers/-/token-providers-3.1095.0.tgz",
      "integrity": "sha512-65SudS6y4nzaYHybtqcpm3sHe5jLhdMn68HRKS1nUx690BtQeaAQOoujQ+dpOjBATIVGVgKKjEP8tR+U06QJQA==",
      "license": "Apache-2.0",
      "dependencies": {
        "@aws-sdk/core": "^3.977.0",
        "@aws-sdk/nested-clients": "^3.997.35",
        "@aws-sdk/types": "^3.974.2",
        "@smithy/core": "^3.29.8",
        "@smithy/types": "^4.16.1",
        "tslib": "^2.6.2"
      },
      "engines": {
        "node": ">=20.0.0"
      }
    },
    "node_modules/@smithy/credential-provider-imds": {
      "version": "4.4.14",
      "resolved": "https://registry.npmjs.org/@smithy/credential-provider-imds/-/credential-provider-imds-4.4.14.tgz",
      "integrity": "sha512-QgbuahIb2qxQeZQvNK0sw3aF3JH5zwH8j2lLp5DUasVXexGGMWULAR+7z0omPXFolCP/m5wN9M5lm9EGdSviTQ==",
      "license": "Apache-2.0",
      "dependencies": {
        "@smithy/core": "^3.30.0",
        "@smithy/types": "^4.16.1",
        "tslib": "^2.6.2"
      },
      "engines": {
        "node": ">=18.0.0"
      }
    },
    "node_modules/@aws-sdk/checksums": {
      "version": "3.1000.20",
      "resolved": "https://registry.npmjs.org/@aws-sdk/checksums/-/checksums-3.1000.20.tgz",
      "integrity": "sha512-uc5PMNcLcs+UBSLGsRjbMZKi3mgnPSalXpABw9Xjo0DMrv4gjIa/E4a02yJsuU4FF6Tmvis/JgGdKNIOoN4DQw==",
      "license": "Apache-2.0",
      "dependencies": {
        "@aws-sdk/core": "^3.977.0",
        "@aws-sdk/types": "^3.974.2",
        "@smithy/core": "^3.29.8",
        "@smithy/types": "^4.16.1",
        "tslib": "^2.6.2"
      },
      "engines": {
        "node": ">=20.0.0"
      }
    },
    "node_modules/@aws-sdk/credential-provider-process": {
      "version": "3.972.61",
      "resolved": "https://registry.npmjs.org/@aws-sdk/credential-provider-process/-/credential-provider-process-3.972.61.tgz",
      "integrity": "sha512-xzRuj+fUVO4nkafKQJVKAF97kGpeQbfjuwmRrtGZNf42/1dkmcz6o7dswBy7alY0htQn5sCL1GWQYEykviWZkA==",
      "license": "Apache-2.0",
      "dependencies": {
        "@aws-sdk/core": "^3.977.0",
        "@aws-sdk/types": "^3.974.2",
        "@smithy/core": "^3.29.8",
        "@smithy/types": "^4.16.1",
        "tslib": "^2.6.2"
      },
      "engines": {
        "node": ">=20.0.0"
      }
    },
    "node_modules/@aws-sdk/credential-provider-sso": {
      "version": "3.973.5",
      "resolved": "https://registry.npmjs.org/@aws-sdk/credential-provider-sso/-/credential-provider-sso-3.973.5.tgz",
      "integrity": "sha512-fZRjjWhLFelsDoOYjqShQTrIGYC3Pf9Mx9Czf+1ikfQDgktxjze33dVo1q1/ZQ+T0qbtejVoHNHrfD5aJVpv/w==",
      "license": "Apache-2.0",
      "dependencies": {
        "@aws-sdk/core": "^3.977.0",
        "@aws-sdk/nested-clients": "^3.997.35",
        "@aws-sdk/token-providers": "3.1095.0",
        "@aws-sdk/types": "^3.974.2",
        "@smithy/core": "^3.29.8",
        "@smithy/types": "^4.16.1",
        "tslib": "^2.6.2"
      },
      "engines": {
        "node": ">=20.0.0"
      }
    },
    "node_modules/@aws/lambda-invoke-store": {
      "version": "0.3.0",
      "resolved": "https://registry.npmjs.org/@aws/lambda-invoke-store/-/lambda-invoke-store-0.3.0.tgz",
      "integrity": "sha512-sl4Bm6yiMNYrZKkqqDFWN0UfnWhlS8ivKxrYl+6t0gCLrqr8y3B2IqZZbFRkfaVVp7C/baApyh71P+LeE1A2sQ==",
      "license": "Apache-2.0",
      "engines": {
        "node": ">=18.0.0"
      }
    },
    "node_modules/@aws-sdk/types": {
      "version": "3.974.2",
      "resolved": "https://registry.npmjs.org/@aws-sdk/types/-/types-3.974.2.tgz",
      "integrity": "sha512-3W6IUtSxFbH6X7Wb7DzGCV5QiFQsd0g8bOfntpmDxQlzBoKWUMBu/JPQR0DwkE+Hpnxd6db1tXbOwdeHddG6cA==",
      "license": "Apache-2.0",
      "dependencies": {
        "@smithy/types": "^4.16.1",
        "tslib": "^2.6.2"
      },
      "engines": {
        "node": ">=20.0.0"
      }
    },
    "node_modules/bowser": {
      "version": "2.14.1",
      "resolved": "https://registry.npmjs.org/bowser/-/bowser-2.14.1.tgz",
      "integrity": "sha512-tzPjzCxygAKWFOJP011oxFHs57HzIhOEracIgAePE4pqB3LikALKnSzUyU4MGs9/iCEUuHlAJTjTc5M+u7YEGg==",
      "license": "MIT"
    },
    "node_modules/@aws-sdk/nested-clients": {
      "version": "3.997.35",
      "resolved": "https://registry.npmjs.org/@aws-sdk/nested-clients/-/nested-clients-3.997.35.tgz",
      "integrity": "sha512-2MJfseVG/aXvIyOIBlYA/Oaf6qFDdsu4D8RKsEUdOQpVuLaor0BdxIBBtJLBNQQEe6Ku3YMvLljwb1MwVUpzRw==",
      "license": "Apache-2.0",
      "dependencies": {
        "@aws-sdk/core": "^3.977.0",
        "@aws-sdk/signature-v4-multi-region": "^3.996.42",
        "@aws-sdk/types": "^3.974.2",
        "@smithy/core": "^3.29.8",
        "@smithy/fetch-http-handler": "^5.6.10",
        "@smithy/node-http-handler": "^4.9.10",
        "@smithy/types": "^4.16.1",
        "tslib": "^2.6.2"
      },
      "engines": {
        "node": ">=20.0.0"
      }
    },
    "node_modules/@aws-sdk/credential-provider-ini": {
      "version": "3.973.6",
      "resolved": "https://registry.npmjs.org/@aws-sdk/credential-provider-ini/-/credential-provider-ini-3.973.6.tgz",
      "integrity": "sha512-jGLTW1bj148GL/6/IMlfY2fMYS9FtHOG+NahkFD4y0qkzYudNUahelxryY68/HGMslYuHClk1XaS/3b3eJzEkg==",
      "license": "Apache-2.0",
      "dependencies": {
        "@aws-sdk/core": "^3.977.0",
        "@aws-sdk/credential-provider-env": "^3.972.61",
        "@aws-sdk/credential-provider-http": "^3.972.63",
        "@aws-sdk/credential-provider-login": "^3.972.68",
        "@aws-sdk/credential-provider-process": "^3.972.61",
        "@aws-sdk/credential-provider-sso": "^3.973.5",
        "@aws-sdk/credential-provider-web-identity": "^3.972.67",
        "@aws-sdk/nested-clients": "^3.997.35",
        "@aws-sdk/types": "^3.974.2",
        "@smithy/core": "^3.29.8",
        "@smithy/credential-provider-imds": "^4.4.13",
        "@smithy/types": "^4.16.1",
        "tslib": "^2.6.2"
      },
      "engines": {
        "node": ">=20.0.0"
      }
    },
    "node_modules/@smithy/node-http-handler": {
      "version": "4.9.11",
      "resolved": "https://registry.npmjs.org/@smithy/node-http-handler/-/node-http-handler-4.9.11.tgz",
      "integrity": "sha512-slbzbz8taEOzoXv/9y34YNBoE+ZHmddLykCgjDAjvMAsu2nM5s2Gzwa5OGF721tD8s+CKeFUBds5lSj9lcbuDg==",
      "license": "Apache-2.0",
      "dependencies": {
        "@smithy/core": "^3.30.0",
        "@smithy/types": "^4.16.1",
        "tslib": "^2.6.2"
      },
      "engines": {
        "node": ">=18.0.0"
      }
    },
    "node_modules/@smithy/types": {
      "version": "4.16.1",
      "resolved": "https://registry.npmjs.org/@smithy/types/-/types-4.16.1.tgz",
      "integrity": "sha512-0JFs3V2y2M9tKW5na/qxe69Zv+uxLMO7QBbhxF/FHu/Gp2NFZAAL9tWl9PU02xxo07pb3G9FTyjNc6D5uZrJIg==",
      "license": "Apache-2.0",
      "dependencies": {
        "tslib": "^2.6.2"
      },
      "engines": {
        "node": ">=18.0.0"
      }
    },
    "node_modules/@aws-sdk/credential-provider-node": {
      "version": "3.972.72",
      "resolved": "https://registry.npmjs.org/@aws-sdk/credential-provider-node/-/credential-provider-node-3.972.72.tgz",
      "integrity": "sha512-blQ7F5QGzylnzeh5549zQLoCAiMHkXFLjFovEMaVy4b2X8JhUu+u9NXro1hyK95YHdVFNmBHKs2hIHtZchxKlQ==",
      "license": "Apache-2.0",
      "dependencies": {
        "@aws-sdk/credential-provider-env": "^3.972.61",
        "@aws-sdk/credential-provider-http": "^3.972.63",
        "@aws-sdk/credential-provider-ini": "^3.973.6",
        "@aws-sdk/credential-provider-process": "^3.972.61",
        "@aws-sdk/credential-provider-sso": "^3.973.5",
        "@aws-sdk/credential-provider-web-identity": "^3.972.67",
        "@aws-sdk/types": "^3.974.2",
        "@smithy/core": "^3.29.8",
        "@smithy/credential-provider-imds": "^4.4.13",
        "@smithy/types": "^4.16.1",
        "tslib": "^2.6.2"
      },
      "engines": {
        "node": ">=20.0.0"
      }
    },
    "node_modules/@smithy/fetch-http-handler": {
      "version": "5.6.11",
      "resolved": "https://registry.npmjs.org/@smithy/fetch-http-handler/-/fetch-http-handler-5.6.11.tgz",
      "integrity": "sha512-o0Zkj1nKqJAoq+a+BrkhU39tRftMNjLwpc/z06Frfl43wpbHrJMaSAVZE4vTqlxtVkNaGaT0bIDxOp7tkFTuQQ==",
      "license": "Apache-2.0",
      "dependencies": {
        "@smithy/core": "^3.30.0",
        "@smithy/types": "^4.16.1",
        "tslib": "^2.6.2"
      },
      "engines": {
        "node": ">=18.0.0"
      }
    },
    "node_modules/@aws-sdk/signature-v4-multi-region": {
      "version": "3.996.42",
      "resolved": "https://registry.npmjs.org/@aws-sdk/signature-v4-multi-region/-/signature-v4-multi-region-3.996.42.tgz",
      "integrity": "sha512-DBV4naZP6HYBlAvPpoQzOP12Wvfou/5rN8yJPXjBTBylU5qwCbh/tXr2MddHoIjgoRkEl/eS+IljiUqvmwey1Q==",
      "license": "Apache-2.0",
      "dependencies": {
        "@aws-sdk/types": "^3.974.2",
        "@smithy/signature-v4": "^5.6.9",
        "@smithy/types": "^4.16.1",
        "tslib": "^2.6.2"
      },
      "engines": {
        "node": ">=20.0.0"
      }
    },
    "node_modules/@aws-sdk/credential-provider-http": {
      "version": "3.972.63",
      "resolved": "https://registry.npmjs.org/@aws-sdk/credential-provider-http/-/credential-provider-http-3.972.63.tgz",
      "integrity": "sha512-yfozsS8wkWZEi/n6IsrodcFKBWZ0iNAezhJbTReMNc0z1Px17qdeAeuL1/wziCAmCZyXiW7QzP75ggJkBQv8jQ==",
      "license": "Apache-2.0",
      "dependencies": {
        "@aws-sdk/core": "^3.977.0",
        "@aws-sdk/types": "^3.974.2",
        "@smithy/core": "^3.29.8",
        "@smithy/fetch-http-handler": "^5.6.10",
        "@smithy/node-http-handler": "^4.9.10",
        "@smithy/types": "^4.16.1",
        "tslib": "^2.6.2"
      },
      "engines": {
        "node": ">=20.0.0"
      }
    },
    "node_modules/@aws-sdk/credential-provider-login": {
      "version": "3.972.68",
      "resolved": "https://registry.npmjs.org/@aws-sdk/credential-provider-login/-/credential-provider-login-3.972.68.tgz",
      "integrity": "sha512-w6tNci6g7RqFpLhj1f5xseBvaNojb4Pkgp5Jp5apl9hrJtaf2AA+rX9+qlhlWUK6kcyAFYPA7emO+55zj+S98Q==",
      "license": "Apache-2.0",
      "dependencies": {
        "@aws-sdk/core": "^3.977.0",
        "@aws-sdk/nested-clients": "^3.997.35",
        "@aws-sdk/types": "^3.974.2",
        "@smithy/core": "^3.29.8",
        "@smithy/types": "^4.16.1",
        "tslib": "^2.6.2"
      },
      "engines": {
        "node": ">=20.0.0"
      }
    },
    "node_modules/tslib": {
      "version": "2.8.1",
      "resolved": "https://registry.npmjs.org/tslib/-/tslib-2.8.1.tgz",
      "integrity": "sha512-oJFu94HQb+KVduSUQL7wnpmqnfmLsOA/nAh6b6EH0wCEoK0/mPeXU6c3wKDV83MkOuHPRHtSXKKU99IBazS/2w==",
      "license": "0BSD"
    }
  }
}